github.com/google/uuid v1.3.0 h1:t6JiXgmwXMjEs8VusXIJk2BXHsn+wx8BZdTaoZ5fu7I=
github.com/google/uuid v1.3.0/go.mod h1:TIyPZe4MgqvfeYDBFedMoGGpEw/LqOeaOT+nhxU+yHo=
github.com/smartwalle/alipay/v3 v3.2.12 h1:iWHiQApJ9E6yE/42BvSYaI44cMzaHOLJ4S8j4bgfCWM=
github.com/smartwalle/alipay/v3 v3.2.12/go.mod h1:qrZdNalF0cx8zRldQAZ9r4nqsbqWeZXps27i+GPMEa0=
github.com/smartwalle/ncrypto v1.0.2 h1:pTAhCqtPCMhpOwFXX+EcMdR6PNzruBNoGQrN2S1GbGI=
github.com/smartwalle/ncrypto v1.0.2/go.mod h1:Dwlp6sfeNaPMnOxMNayMTacvC5JGEVln3CVdiVDgbBk=
github.com/smartwalle/nsign v1.0.8 h1:78KWtwKPrdt4Xsn+tNEBVxaTLIJBX9YRX0ZSrMUeuHo=
github.com/smartwalle/nsign v1.0.8/go.mod h1:eY6I4CJlyNdVMP+t6z1H6Jpd4m5/V+8xi44ufSTxXgc=
